// !$*UTF8*$!
{
	archiveVersion = 1;
	classes = {
	};
	objectVersion = 50;
	objects = {

/* Begin PBXBuildFile section */
		63FD5342251DCF2300D31D2A /* AppDelegate.swift in Sources */ = {isa = PBXBuildFile; fileRef = 63FD5341251DCF2300D31D2A /* AppDelegate.swift */; };
		63FD5344251DCF2300D31D2A /* SceneDelegate.swift in Sources */ = {isa = PBXBuildFile; fileRef = 63FD5343251DCF2300D31D2A /* SceneDelegate.swift */; };
		63FD5346251DCF2300D31D2A /* ViewController.swift in Sources */ = {isa = PBXBuildFile; fileRef = 63FD5345251DCF2300D31D2A /* ViewController.swift */; };
		63FD5349251DCF2300D31D2A /* Main.storyboard in Resources */ = {isa = PBXBuildFile; fileRef = 63FD5347251DCF2300D31D2A /* Main.storyboard */; };
		63FD534B251DCF2400D31D2A /* Assets.xcassets in Resources */ = {isa = PBXBuildFile; fileRef = 63FD534A251DCF2400D31D2A /* Assets.xcassets */; };
		63FD534E251DCF2400D31D2A /* LaunchScreen.storyboard in Resources */ = {isa = PBXBuildFile; fileRef = 63FD534C251DCF2400D31D2A /* LaunchScreen.storyboard */; };
		63FD5359251DCF2400D31D2A /* NewEveryDayTests.swift in Sources */ = {isa = PBXBuildFile; fileRef = 63FD5358251DCF2400D31D2A /* NewEveryDayTests.swift */; };
		63FD5364251DCF2400D31D2A /* NewEveryDayUITests.swift in Sources */ = {isa = PBXBuildFile; fileRef = 63FD5363251DCF2400D31D2A /* NewEveryDayUITests.swift */; };
/* End PBXBuildFile section */

/* Begin PBXContainerItemProxy section */
		63FD5355251DCF2400D31D2A /* PBXContainerItemProxy */ = {
			isa = PBXContainerItemProxy;
			containerPortal = 63FD5336251DCF2300D31D2A /* Project object */;
			proxyType = 1;
			remoteGlobalIDString = 63FD533D251DCF2300D31D2A;
			remoteInfo = NewEveryDay;
		};
		63FD5360251DCF2400D31D2A /* PBXContainerItemProxy */ = {
			isa = PBXContainerItemProxy;
			containerPortal = 63FD5336251DCF2300D31D2A /* Project object */;
			proxyType = 1;
			remoteGlobalIDString = 63FD533D251DCF2300D31D2A;
			remoteInfo = NewEveryDay;
		};
/* End PBXContainerItemProxy section */

/* Begin PBXFileReference section */
		63FD533E251DCF2300D31D2A /* NewEveryDay.app */ = {isa = PBXFileReference; explicitFileType = wrapper.application; includeInIndex = 0; path = NewEveryDay.app; sourceTree = BUILT_PRODUCTS_DIR; };
		63FD5341251DCF2300D31D2A /* AppDelegate.swift */ = {isa = PBXFileReference; lastKnownFileType = sourcecode.swift; path = AppDelegate.swift; sourceTree = "<group>"; };
		63FD5343251DCF2300D31D2A /* SceneDelegate.swift */ = {isa = PBXFileReference; lastKnownFileType = sourcecode.swift; path = SceneDelegate.swift; sourceTree = "<group>"; };
		63FD5345251DCF2300D31D2A /* ViewController.swift */ = {isa = PBXFileReference; lastKnownFileType = sourcecode.swift; path = ViewController.swift; sourceTree = "<group>"; };
		63FD5348251DCF2300D31D2A /* Base */ = {isa = PBXFileReference; lastKnownFileType = file.storyboard; name = Base; path = Base.lproj/Main.storyboard; sourceTree = "<group>"; };
		63FD534A251DCF2400D31D2A /* Assets.xcassets */ = {isa = PBXFileReference; lastKnownFileType = folder.assetcatalog; path = Assets.xcassets; sourceTree = "<group>"; };
		63FD534D251DCF2400D31D2A /* Base */ = {isa = PBXFileReference; lastKnownFileType = file.storyboard; name = Base; path = Base.lproj/LaunchScreen.storyboard; sourceTree = "<group>"; };
		63FD534F251DCF2400D31D2A /* Info.plist */ = {isa = PBXFileReference; lastKnownFileType = text.plist.xml; path = Info.plist; sourceTree = "<group>"; };
		63FD5354251DCF2400D31D2A /* NewEveryDayTests.xctest */ = {isa = PBXFileReference; explicitFileType = wrapper.cfbundle; includeInIndex = 0; path = NewEveryDayTests.xctest; sourceTree = BUILT_PRODUCTS_DIR; };
		63FD5358251DCF2400D31D2A /* NewEveryDayTests.swift */ = {isa = PBXFileReference; lastKnownFileType = sourcecode.swift; path = NewEveryDayTests.swift; sourceTree = "<group>"; };
		63FD535A251DCF2400D31D2A /* Info.plist */ = {isa = PBXFileReference; lastKnownFileType = text.plist.xml; path = Info.plist; sourceTree = "<group>"; };
		63FD535F251DCF2400D31D2A /* NewEveryDayUITests.xctest */ = {isa = PBXFileReference; explicitFileType = wrapper.cfbundle; includeInIndex = 0; path = NewEveryDayUITests.xctest; sourceTree = BUILT_PRODUCTS_DIR; };
		63FD5363251DCF2400D31D2A /* NewEveryDayUITests.swift */ = {isa = PBXFileReference; lastKnownFileType = sourcecode.swift; path = NewEveryDayUITests.swift; sourceTree = "<group>"; };
		63FD5365251DCF2400D31D2A /* Info.plist */ = {isa = PBXFileReference; lastKnownFileType = text.plist.xml; path = Info.plist; sourceTree = "<group>"; };
/* End PBXFileReference section */

/* Begin PBXFrameworksBuildPhase section */
		63FD533B251DCF2300D31D2A /* Frameworks */ = {
			isa = PBXFrameworksBuildPhase;
			buildActionMask = 2147483647;
			files = (
			);
			runOnlyForDeploymentPostprocessing = 0;
		};
		63FD5351251DCF2400D31D2A /* Frameworks */ = {
			isa = PBXFrameworksBuildPhase;
			buildActionMask = 2147483647;
			files = (
			);
			runOnlyForDeploymentPostprocessing = 0;
		};
		63FD535C251DCF2400D31D2A /* Frameworks */ = {
			isa = PBXFrameworksBuildPhase;
			buildActionMask = 2147483647;
			files = (
			);
			runOnlyForDeploymentPostprocessing = 0;
		};
/* End PBXFrameworksBuildPhase section */

/* Begin PBXGroup section */
		63FD5335251DCF2300D31D2A = {
			isa = PBXGroup;
			children = (
				63FD5340251DCF2300D31D2A /* NewEveryDay */,
				63FD5357251DCF2400D31D2A /* NewEveryDayTests */,
				63FD5362251DCF2400D31D2A /* NewEveryDayUITests */,
				63FD533F251DCF2300D31D2A /* Products */,
			);
			sourceTree = "<group>";
		};
		63FD533F251DCF2300D31D2A /* Products */ = {
			isa = PBXGroup;
			children = (
				63FD533E251DCF2300D31D2A /* NewEveryDay.app */,
				63FD5354251DCF2400D31D2A /* NewEveryDayTests.xctest */,
				63FD535F251DCF2400D31D2A /* NewEveryDayUITests.xctest */,
			);
			name = Products;
			sourceTree = "<group>";
		};
		63FD5340251DCF2300D31D2A /* NewEveryDay */ = {
			isa = PBXGroup;
			children = (
				63FD5341251DCF2300D31D2A /* AppDelegate.swift */,
				63FD5343251DCF2300D31D2A /* SceneDelegate.swift */,
				63FD5345251DCF2300D31D2A /* ViewController.swift */,
				63FD5347251DCF2300D31D2A /* Main.storyboard */,
				63FD534A251DCF2400D31D2A /* Assets.xcassets */,
				63FD534C251DCF2400D31D2A /* LaunchScreen.storyboard */,
				63FD534F251DCF2400D31D2A /* Info.plist */,
			);
			path = NewEveryDay;
			sourceTree = "<group>";
		};
		63FD5357251DCF2400D31D2A /* NewEveryDayTests */ = {
			isa = PBXGroup;
			children = (
				63FD5358251DCF2400D31D2A /* NewEveryDayTests.swift */,
				63FD535A251DCF2400D31D2A /* Info.plist */,
			);
			path = NewEveryDayTests;
			sourceTree = "<group>";
		};
		63FD5362251DCF2400D31D2A /* NewEveryDayUITests */ = {
			isa = PBXGroup;
			children = (
				63FD5363251DCF2400D31D2A /* NewEveryDayUITests.swift */,
				63FD5365251DCF2400D31D2A /* Info.plist */,
			);
			path = NewEveryDayUITests;
			sourceTree = "<group>";
		};
/* End PBXGroup section */

/* Begin PBXNativeTarget section */
		63FD533D251DCF2300D31D2A /* NewEveryDay */ = {
			isa = PBXNativeTarget;
			buildConfigurationList = 63FD5368251DCF2400D31D2A /* Build configuration list for PBXNativeTarget "NewEveryDay" */;
			buildPhases = (
				63FD533A251DCF2300D31D2A /* Sources */,
				63FD533B251DCF2300D31D2A /* Frameworks */,
				63FD533C251DCF2300D31D2A /* Resources */,
			);
			buildRules = (
			);
			dependencies = (
			);
			name = NewEveryDay;
			productName = NewEveryDay;
			productReference = 63FD533E251DCF2300D31D2A /* NewEveryDay.app */;
			productType = "com.apple.product-type.application";
		};
		63FD5353251DCF2400D31D2A /* NewEveryDayTests */ = {
			isa = PBXNativeTarget;
			buildConfigurationList = 63FD536B251DCF2400D31D2A /* Build configuration list for PBXNativeTarget "NewEveryDayTests" */;
			buildPhases = (
				63FD5350251DCF2400D31D2A /* Sources */,
				63FD5351251DCF2400D31D2A /* Frameworks */,
				63FD5352251DCF2400D31D2A /* Resources */,
			);
			buildRules = (
			);
			dependencies = (
				63FD5356251DCF2400D31D2A /* PBXTargetDependency */,
			);
			name = NewEveryDayTests;
			productName = NewEveryDayTests;
			productReference = 63FD5354251DCF2400D31D2A /* NewEveryDayTests.xctest */;
			productType = "com.apple.product-type.bundle.unit-test";
		};
		63FD535E251DCF2400D31D2A /* NewEveryDayUITests */ = {
			isa = PBXNativeTarget;
			buildConfigurationList = 63FD536E251DCF2400D31D2A /* Build configuration list for PBXNativeTarget "NewEveryDayUITests" */;
			buildPhases = (
				63FD535B251DCF2400D31D2A /* Sources */,
				63FD535C251DCF2400D31D2A /* Frameworks */,
				63FD535D251DCF2400D31D2A /* Resources */,
			);
			buildRules = (
			);
			dependencies = (
				63FD5361251DCF2400D31D2A /* PBXTargetDependency */,
			);
			name = NewEveryDayUITests;
			productName = NewEveryDayUITests;
			productReference = 63FD535F251DCF2400D31D2A /* NewEveryDayUITests.xctest */;
			productType = "com.apple.product-type.bundle.ui-testing";
		};
/* End PBXNativeTarget section */

/* Begin PBXProject section */
		63FD5336251DCF2300D31D2A /* Project object */ = {
			isa = PBXProject;
			attributes = {
				LastSwiftUpdateCheck = 1200;
				LastUpgradeCheck = 1200;
				TargetAttributes = {
					63FD533D251DCF2300D31D2A = {
						CreatedOnToolsVersion = 12.0;
					};
					63FD5353251DCF2400D31D2A = {
						CreatedOnToolsVersion = 12.0;
						TestTargetID = 63FD533D251DCF2300D31D2A;
					};
					63FD535E251DCF2400D31D2A = {
						CreatedOnToolsVersion = 12.0;
						TestTargetID = 63FD533D251DCF2300D31D2A;
					};
				};
			};
			buildConfigurationList = 63FD5339251DCF2300D31D2A /* Build configuration list for PBXProject "NewEveryDay" */;
			compatibilityVersion = "Xcode 9.3";
			developmentRegion = en;
			hasScannedForEncodings = 0;
			knownRegions = (
				en,
				Base,
			);
			mainGroup = 63FD5335251DCF2300D31D2A;
			productRefGroup = 63FD533F251DCF2300D31D2A /* Products */;
			projectDirPath = "";
			projectRoot = "";
			targets = (
				63FD533D251DCF2300D31D2A /* NewEveryDay */,
				63FD5353251DCF2400D31D2A /* NewEveryDayTests */,
				63FD535E251DCF2400D31D2A /* NewEveryDayUITests */,
			);
		};
/* End PBXProject section */

/* Begin PBXResourcesBuildPhase section */
		63FD533C251DCF2300D31D2A /* Resources */ = {
			isa = PBXResourcesBuildPhase;
			buildActionMask = 2147483647;
			files = (
				63FD534E251DCF2400D31D2A /* LaunchScreen.storyboard in Resources */,
				63FD534B251DCF2400D31D2A /* Assets.xcassets in Resources */,
				63FD5349251DCF2300D31D2A /* Main.storyboard in Resources */,
			);
			runOnlyForDeploymentPostprocessing = 0;
		};
		63FD5352251DCF2400D31D2A /* Resources */ = {
			isa = PBXResourcesBuildPhase;
			buildActionMask = 2147483647;
			files = (
			);
			runOnlyForDeploymentPostprocessing = 0;
		};
		63FD535D251DCF2400D31D2A /* Resources */ = {
			isa = PBXResourcesBuildPhase;
			buildActionMask = 2147483647;
			files = (
			);
			runOnlyForDeploymentPostprocessing = 0;
		};
/* End PBXResourcesBuildPhase section */

/* Begin PBXSourcesBuildPhase section */
		63FD533A251DCF2300D31D2A /* Sources */ = {
			isa = PBXSourcesBuildPhase;
			buildActionMask = 2147483647;
			files = (
				63FD5346251DCF2300D31D2A /* ViewController.swift in Sources */,
				63FD5342251DCF2300D31D2A /* AppDelegate.swift in Sources */,
				63FD5344251DCF2300D31D2A /* SceneDelegate.swift in Sources */,
			);
			runOnlyForDeploymentPostprocessing = 0;
		};
		63FD5350251DCF2400D31D2A /* Sources */ = {
			isa = PBXSourcesBuildPhase;
			buildActionMask = 2147483647;
			files = (
				63FD5359251DCF2400D31D2A /* NewEveryDayTests.swift in Sources */,
			);
			runOnlyForDeploymentPostprocessing = 0;
		};
		63FD535B251DCF2400D31D2A /* Sources */ = {
			isa = PBXSourcesBuildPhase;
			buildActionMask = 2147483647;
			files = (
				63FD5364251DCF2400D31D2A /* NewEveryDayUITests.swift in Sources */,
			);
			runOnlyForDeploymentPostprocessing = 0;
		};
/* End PBXSourcesBuildPhase section */

/* Begin PBXTargetDependency section */
		63FD5356251DCF2400D31D2A /* PBXTargetDependency */ = {
			isa = PBXTargetDependency;
			target = 63FD533D251DCF2300D31D2A /* NewEveryDay */;
			targetProxy = 63FD5355251DCF2400D31D2A /* PBXContainerItemProxy */;
		};
		63FD5361251DCF2400D31D2A /* PBXTargetDependency */ = {
			isa = PBXTargetDependency;
			target = 63FD533D251DCF2300D31D2A /* NewEveryDay */;
			targetProxy = 63FD5360251DCF2400D31D2A /* PBXContainerItemProxy */;
		};
/* End PBXTargetDependency section */

/* Begin PBXVariantGroup section */
		63FD5347251DCF2300D31D2A /* Main.storyboard */ = {
			isa = PBXVariantGroup;
			children = (
				63FD5348251DCF2300D31D2A /* Base */,
			);
			name = Main.storyboard;
			sourceTree = "<group>";
		};
		63FD534C251DCF2400D31D2A /* LaunchScreen.storyboard */ = {
			isa = PBXVariantGroup;
			children = (
				63FD534D251DCF2400D31D2A /* Base */,
			);
			name = LaunchScreen.storyboard;
			sourceTree = "<group>";
		};
/* End PBXVariantGroup section */

/* Begin XCBuildConfiguration section */
		63FD5366251DCF2400D31D2A /* Debug */ = {
			isa = XCBuildConfiguration;
			buildSettings = {
				ALWAYS_SEARCH_USER_PATHS = NO;
				CLANG_ANALYZER_NONNULL = YES;
				CLANG_ANALYZER_NUMBER_OBJECT_CONVERSION = YES_AGGRESSIVE;
				CLANG_CXX_LANGUAGE_STANDARD = "gnu++14";
				CLANG_CXX_LIBRARY = "libc++";
				CLANG_ENABLE_MODULES = YES;
				CLANG_ENABLE_OBJC_ARC = YES;
				CLANG_ENABLE_OBJC_WEAK = YES;
				CLANG_WARN_BLOCK_CAPTURE_AUTORELEASING = YES;
				CLANG_WARN_BOOL_CONVERSION = YES;
				CLANG_WARN_COMMA = YES;
				CLANG_WARN_CONSTANT_CONVERSION = YES;
				CLANG_WARN_DEPRECATED_OBJC_IMPLEMENTATIONS = YES;
				CLANG_WARN_DIRECT_OBJC_ISA_USAGE = YES_ERROR;
				CLANG_WARN_DOCUMENTATION_COMMENTS = YES;
				CLANG_WARN_EMPTY_BODY = YES;
				CLANG_WARN_ENUM_CONVERSION = YES;
				CLANG_WARN_INFINITE_RECURSION = YES;
				CLANG_WARN_INT_CONVERSION = YES;
				CLANG_WARN_NON_LITERAL_NULL_CONVERSION = YES;
				CLANG_WARN_OBJC_IMPLICIT_RETAIN_SELF = YES;
				CLANG_WARN_OBJC_LITERAL_CONVERSION = YES;
				CLANG_WARN_OBJC_ROOT_CLASS = YES_ERROR;
				CLANG_WARN_QUOTED_INCLUDE_IN_FRAMEWORK_HEADER = YES;
				CLANG_WARN_RANGE_LOOP_ANALYSIS = YES;
				CLANG_WARN_STRICT_PROTOTYPES = YES;
				CLANG_WARN_SUSPICIOUS_MOVE = YES;
				CLANG_WARN_UNGUARDED_AVAILABILITY = YES_AGGRESSIVE;
				CLANG_WARN_UNREACHABLE_CODE = YES;
				CLANG_WARN__DUPLICATE_METHOD_MATCH = YES;
				COPY_PHASE_STRIP = NO;
				DEBUG_INFORMATION_FORMAT = dwarf;
				ENABLE_STRICT_OBJC_MSGSEND = YES;
				ENABLE_TESTABILITY = YES;
				GCC_C_LANGUAGE_STANDARD = gnu11;
				GCC_DYNAMIC_NO_PIC = NO;
				GCC_NO_COMMON_BLOCKS = YES;
				GCC_OPTIMIZATION_LEVEL = 0;
				GCC_PREPROCESSOR_DEFINITIONS = (
					"DEBUG=1",
					"$(inherited)",
				);
				GCC_WARN_64_TO_32_BIT_CONVERSION = YES;
				GCC_WARN_ABOUT_RETURN_TYPE = YES_ERROR;
				GCC_WARN_UNDECLARED_SELECTOR = YES;
				GCC_WARN_UNINITIALIZED_AUTOS = YES_AGGRESSIVE;
				GCC_WARN_UNUSED_FUNCTION = YES;
				GCC_WARN_UNUSED_VARIABLE = YES;
				IPHONEOS_DEPLOYMENT_TARGET = 14.0;
				MTL_ENABLE_DEBUG_INFO = INCLUDE_SOURCE;
				MTL_FAST_MATH = YES;
				ONLY_ACTIVE_ARCH = YES;
				SDKROOT = iphoneos;
				SWIFT_ACTIVE_COMPILATION_CONDITIONS = DEBUG;
				SWIFT_OPTIMIZATION_LEVEL = "-Onone";
			};
			name = Debug;
		};
		63FD5367251DCF2400D31D2A /* Release */ = {
			isa = XCBuildConfiguration;
			buildSettings = {
				ALWAYS_SEARCH_USER_PATHS = NO;
				CLANG_ANALYZER_NONNULL = YES;
				CLANG_ANALYZER_NUMBER_OBJECT_CONVERSION = YES_AGGRESSIVE;
				CLANG_CXX_LANGUAGE_STANDARD = "gnu++14";
				CLANG_CXX_LIBRARY = "libc++";
				CLANG_ENABLE_MODULES = YES;
				CLANG_ENABLE_OBJC_ARC = YES;
				CLANG_ENABLE_OBJC_WEAK = YES;
				CLANG_WARN_BLOCK_CAPTURE_AUTORELEASING = YES;
				CLANG_WARN_BOOL_CONVERSION = YES;
				CLANG_WARN_COMMA = YES;
				CLANG_WARN_CONSTANT_CONVERSION = YES;
				CLANG_WARN_DEPRECATED_OBJC_IMPLEMENTATIONS = YES;
				CLANG_WARN_DIRECT_OBJC_ISA_USAGE = YES_ERROR;
				CLANG_WARN_DOCUMENTATION_COMMENTS = YES;
				CLANG_WARN_EMPTY_BODY = YES;
				CLANG_WARN_ENUM_CONVERSION = YES;
				CLANG_WARN_INFINITE_RECURSION = YES;
				CLANG_WARN_INT_CONVERSION = YES;
				CLANG_WARN_NON_LITERAL_NULL_CONVERSION = YES;
				CLANG_WARN_OBJC_IMPLICIT_RETAIN_SELF = YES;
				CLANG_WARN_OBJC_LITERAL_CONVERSION = YES;
				CLANG_WARN_OBJC_ROOT_CLASS = YES_ERROR;
				CLANG_WARN_QUOTED_INCLUDE_IN_FRAMEWORK_HEADER = YES;
				CLANG_WARN_RANGE_LOOP_ANALYSIS = YES;
				CLANG_WARN_STRICT_PROTOTYPES = YES;
				CLANG_WARN_SUSPICIOUS_MOVE = YES;
				CLANG_WARN_UNGUARDED_AVAILABILITY = YES_AGGRESSIVE;
				CLANG_WARN_UNREACHABLE_CODE = YES;
				CLANG_WARN__DUPLICATE_METHOD_MATCH = YES;
				COPY_PHASE_STRIP = NO;
				DEBUG_INFORMATION_FORMAT = "dwarf-with-dsym";
				ENABLE_NS_ASSERTIONS = NO;
				ENABLE_STRICT_OBJC_MSGSEND = YES;
				GCC_C_LANGUAGE_STANDARD = gnu11;
				GCC_NO_COMMON_BLOCKS = YES;
				GCC_WARN_64_TO_32_BIT_CONVERSION = YES;
				GCC_WARN_ABOUT_RETURN_TYPE = YES_ERROR;
				GCC_WARN_UNDECLARED_SELECTOR = YES;
				GCC_WARN_UNINITIALIZED_AUTOS = YES_AGGRESSIVE;
				GCC_WARN_UNUSED_FUNCTION = YES;
				GCC_WARN_UNUSED_VARIABLE = YES;
				IPHONEOS_DEPLOYMENT_TARGET = 14.0;
				MTL_ENABLE_DEBUG_INFO = NO;
				MTL_FAST_MATH = YES;
				SDKROOT = iphoneos;
				SWIFT_COMPILATION_MODE = wholemodule;
				SWIFT_OPTIMIZATION_LEVEL = "-O";
				VALIDATE_PRODUCT = YES;
			};
			name = Release;
		};
		63FD5369251DCF2400D31D2A /* Debug */ = {
			isa = XCBuildConfiguration;
			buildSettings = {
				ASSETCATALOG_COMPILER_APPICON_NAME = AppIcon;
				ASSETCATALOG_COMPILER_GLOBAL_ACCENT_COLOR_NAME = AccentColor;
				CODE_SIGN_STYLE = Automatic;
				DEVELOPMENT_TEAM = 6Y9R5R382M;
				INFOPLIST_FILE = NewEveryDay/Info.plist;
				LD_RUNPATH_SEARCH_PATHS = (
					"$(inherited)",
					"@executable_path/Frameworks",
				);
				PRODUCT_BUNDLE_IDENTIFIER = WoojinChoi0531.NewEveryDay;
				PRODUCT_NAME = "$(TARGET_NAME)";
				SWIFT_VERSION = 5.0;
				TARGETED_DEVICE_FAMILY = "1,2";
			};
			name = Debug;
		};
		63FD536A251DCF2400D31D2A /* Release */ = {
			isa = XCBuildConfiguration;
			buildSettings = {
				ASSETCATALOG_COMPILER_APPICON_NAME = AppIcon;
				ASSETCATALOG_COMPILER_GLOBAL_ACCENT_COLOR_NAME = AccentColor;
				CODE_SIGN_STYLE = Automatic;
				DEVELOPMENT_TEAM = 6Y9R5R382M;
				INFOPLIST_FILE = NewEveryDay/Info.plist;
				LD_RUNPATH_SEARCH_PATHS = (
					"$(inherited)",
					"@executable_path/Frameworks",
				);
				PRODUCT_BUNDLE_IDENTIFIER = WoojinChoi0531.NewEveryDay;
				PRODUCT_NAME = "$(TARGET_NAME)";
				SWIFT_VERSION = 5.0;
				TARGETED_DEVICE_FAMILY = "1,2";
			};
			name = Release;
		};
		63FD536C251DCF2400D31D2A /* Debug */ = {
			isa = XCBuildConfiguration;
			buildSettings = {
				ALWAYS_EMBED_SWIFT_STANDARD_LIBRARIES = YES;
				BUNDLE_LOADER = "$(TEST_HOST)";
				CODE_SIGN_STYLE = Automatic;
				DEVELOPMENT_TEAM = 6Y9R5R382M;
				INFOPLIST_FILE = NewEveryDayTests/Info.plist;
				IPHONEOS_DEPLOYMENT_TARGET = 14.0;
				LD_RUNPATH_SEARCH_PATHS = (
					"$(inherited)",
					"@executable_path/Frameworks",
					"@loader_path/Frameworks",
				);
				PRODUCT_BUNDLE_IDENTIFIER = WoojinChoi0531.NewEveryDayTests;
				PRODUCT_NAME = "$(TARGET_NAME)";
				SWIFT_VERSION = 5.0;
				TARGETED_DEVICE_FAMILY = "1,2";
				TEST_HOST = "$(BUILT_PRODUCTS_DIR)/NewEveryDay.app/NewEveryDay";
			};
			name = Debug;
		};
		63FD536D251DCF2400D31D2A /* Release */ = {
			isa = XCBuildConfiguration;
			buildSettings = {
				ALWAYS_EMBED_SWIFT_STANDARD_LIBRARIES = YES;
				BUNDLE_LOADER = "$(TEST_HOST)";
				CODE_SIGN_STYLE = Automatic;
				DEVELOPMENT_TEAM = 6Y9R5R382M;
				INFOPLIST_FILE = NewEveryDayTests/Info.plist;
				IPHONEOS_DEPLOYMENT_TARGET = 14.0;
				LD_RUNPATH_SEARCH_PATHS = (
					"$(inherited)",
					"@executable_path/Frameworks",
					"@loader_path/Frameworks",
				);
				PRODUCT_BUNDLE_IDENTIFIER = WoojinChoi0531.NewEveryDayTests;
				PRODUCT_NAME = "$(TARGET_NAME)";
				SWIFT_VERSION = 5.0;
				TARGETED_DEVICE_FAMILY = "1,2";
				TEST_HOST = "$(BUILT_PRODUCTS_DIR)/NewEveryDay.app/NewEveryDay";
			};
			name = Release;
		};
		63FD536F251DCF2400D31D2A /* Debug */ = {
			isa = XCBuildConfiguration;
			buildSettings = {
				ALWAYS_EMBED_SWIFT_STANDARD_LIBRARIES = YES;
				CODE_SIGN_STYLE = Automatic;
				DEVELOPMENT_TEAM = 6Y9R5R382M;
				INFOPLIST_FILE = NewEveryDayUITests/Info.plist;
				LD_RUNPATH_SEARCH_PATHS = (
					"$(inherited)",
					"@executable_path/Frameworks",
					"@loader_path/Frameworks",
				);
				PRODUCT_BUNDLE_IDENTIFIER = WoojinChoi0531.NewEveryDayUITests;
				PRODUCT_NAME = "$(TARGET_NAME)";
				SWIFT_VERSION = 5.0;
				TARGETED_DEVICE_FAMILY = "1,2";
				TEST_TARGET_NAME = NewEveryDay;
			};
			name = Debug;
		};
		63FD5370251DCF2400D31D2A /* Release */ = {
			isa = XCBuildConfiguration;
			buildSettings = {
				ALWAYS_EMBED_SWIFT_STANDARD_LIBRARIES = YES;
				CODE_SIGN_STYLE = Automatic;
				DEVELOPMENT_TEAM = 6Y9R5R382M;
				INFOPLIST_FILE = NewEveryDayUITests/Info.plist;
				LD_RUNPATH_SEARCH_PATHS = (
					"$(inherited)",
					"@executable_path/Frameworks",
					"@loader_path/Frameworks",
				);
				PRODUCT_BUNDLE_IDENTIFIER = WoojinChoi0531.NewEveryDayUITests;
				PRODUCT_NAME = "$(TARGET_NAME)";
				SWIFT_VERSION = 5.0;
				TARGETED_DEVICE_FAMILY = "1,2";
				TEST_TARGET_NAME = NewEveryDay;
			};
			name = Release;
		};
/* End XCBuildConfiguration section */

/* Begin XCConfigurationList section */
		63FD5339251DCF2300D31D2A /* Build configuration list for PBXProject "NewEveryDay" */ = {
			isa = XCConfigurationList;
			buildConfigurations = (
				63FD5366251DCF2400D31D2A /* Debug */,
				63FD5367251DCF2400D31D2A /* Release */,
			);
			defaultConfigurationIsVisible = 0;
			defaultConfigurationName = Release;
		};
		63FD5368251DCF2400D31D2A /* Build configuration list for PBXNativeTarget "NewEveryDay" */ = {
			isa = XCConfigurationList;
			buildConfigurations = (
				63FD5369251DCF2400D31D2A /* Debug */,
				63FD536A251DCF2400D31D2A /* Release */,
			);
			defaultConfigurationIsVisible = 0;
			defaultConfigurationName = Release;
		};
		63FD536B251DCF2400D31D2A /* Build configuration list for PBXNativeTarget "NewEveryDayTests" */ = {
			isa = XCConfigurationList;
			buildConfigurations = (
				63FD536C251DCF2400D31D2A /* Debug */,
				63FD536D251DCF2400D31D2A /* Release */,
			);
			defaultConfigurationIsVisible = 0;
			defaultConfigurationName = Release;
		};
		63FD536E251DCF2400D31D2A /* Build configuration list for PBXNativeTarget "NewEveryDayUITests" */ = {
			isa = XCConfigurationList;
			buildConfigurations = (
				63FD536F251DCF2400D31D2A /* Debug */,
				63FD5370251DCF2400D31D2A /* Release */,
			);
			defaultConfigurationIsVisible = 0;
			defaultConfigurationName = Release;
		};
/* End XCConfigurationList section */
	};
	rootObject = 63FD5336251DCF2300D31D2A /* Project object */;
}
